
Microsoft Visual Studio Solution File, Format Version 12.00
# Visual Studio Version 17
VisualStudioVersion = 17.13.35806.99 d17.13
MinimumVisualStudioVersion = 10.0.40219.1
Project("{FAE04EC0-301F-11D3-BF4B-00C04F79EFBC}") = "Lab06", "Lab06\Lab06.csproj", "{281821BA-E2BD-4E89-BC03-2DE3E2B1B875}"
EndProject
Global
	GlobalSection(SolutionConfigurationPlatforms) = preSolution
		Debug|Any CPU = Debug|Any CPU
		Release|Any CPU = Release|Any CPU
	EndGlobalSection
	GlobalSection(ProjectConfigurationPlatforms) = postSolution
		{281821BA-E2BD-4E89-BC03-2DE3E2B1B875}.Debug|Any CPU.ActiveCfg = Debug|Any CPU
		{281821BA-E2BD-4E89-BC03-2DE3E2B1B875}.Debug|Any CPU.Build.0 = Debug|Any CPU
		{281821BA-E2BD-4E89-BC03-2DE3E2B1B875}.Release|Any CPU.ActiveCfg = Release|Any CPU
		{281821BA-E2BD-4E89-BC03-2DE3E2B1B875}.Release|Any CPU.Build.0 = Release|Any CPU
	EndGlobalSection
	GlobalSection(SolutionProperties) = preSolution
		HideSolutionNode = FALSE
	EndGlobalSection
	GlobalSection(ExtensibilityGlobals) = postSolution
		SolutionGuid = {82B92D54-3478-410D-9062-37B8ABE7A87E}
	EndGlobalSection
EndGlobal
